
Microsoft Visual Studio Solution File, Format Version 12.00
# Visual Studio 15
VisualStudioVersion = 15.0.27703.2000
MinimumVisualStudioVersion = 10.0.40219.1
Project("{F184B08F-C81C-45F6-A57F-5ABD9991F28F}") = "Estructuras de datos", "Estructuras de datos\Estructuras de datos.vbproj", "{B7E3D850-99A9-487F-BCBF-E8BD2C70A799}"
EndProject
Global
	GlobalSection(SolutionConfigurationPlatforms) = preSolution
		Debug|Any CPU = Debug|Any CPU
		Release|Any CPU = Release|Any CPU
	EndGlobalSection
	GlobalSection(ProjectConfigurationPlatforms) = postSolution
		{B7E3D850-99A9-487F-BCBF-E8BD2C70A799}.Debug|Any CPU.ActiveCfg = Debug|Any CPU
		{B7E3D850-99A9-487F-BCBF-E8BD2C70A799}.Debug|Any CPU.Build.0 = Debug|Any CPU
		{B7E3D850-99A9-487F-BCBF-E8BD2C70A799}.Release|Any CPU.ActiveCfg = Release|Any CPU
		{B7E3D850-99A9-487F-BCBF-E8BD2C70A799}.Release|Any CPU.Build.0 = Release|Any CPU
	EndGlobalSection
	GlobalSection(SolutionProperties) = preSolution
		HideSolutionNode = FALSE
	EndGlobalSection
	GlobalSection(ExtensibilityGlobals) = postSolution
		SolutionGuid = {118E348D-C964-480C-A6F8-0F269DBF260A}
	EndGlobalSection
EndGlobal
